{
  "name": "checkpakage",
  "version": "1.0.0",
  "lockfileVersion": 3,
  "requires": true,
  "packages": {
    "": {
      "name": "checkpakage",
      "version": "1.0.0",
      "license": "ISC",
      "dependencies": {
        "password-generator-suvansh": "^1.0.0"
      }
    },
    "node_modules/password-generator-suvansh": {
      "version": "1.0.0",
      "resolved": "https://registry.npmjs.org/password-generator-suvansh/-/password-generator-suvansh-1.0.0.tgz",
      "integrity": "sha512-tKlleEFDLjQk1Q8grUJ5Mf9+OZ8HfhyIUgMucVF9wz9lOhEYBD036camq06R/K4kdeJVnFGXVW8aXEVTLmTJBA=="
    }
  }
}
